version = 1
revision = 2
requires-python = ">=3.12"

[[package]]
name = "pyxdg"
version = "0.28"
source = { registry = "https://pypi.org/simple" }
sdist = { url = "https://files.pythonhosted.org/packages/b0/25/7998cd2dec731acbd438fbf91bc619603fc5188de0a9a17699a781840452/pyxdg-0.28.tar.gz", hash = "sha256:3267bb3074e934df202af2ee0868575484108581e6f3cb006af1da35395e88b4", size = 77776, upload-time = "2022-06-05T11:35:01Z" }
wheels = [
    { url = "https://files.pythonhosted.org/packages/e5/8d/cf41b66a8110670e3ad03dab9b759704eeed07fa96e90fdc0357b2ba70e2/pyxdg-0.28-py2.py3-none-any.whl", hash = "sha256:bdaf595999a0178ecea4052b7f4195569c1ff4d344567bccdc12dfdf02d545ab", size = 49520, upload-time = "2022-06-05T11:34:58.832Z" },
]

[[package]]
name = "ulauncher-niri"
version = "0.1.0"
source = { virtual = "." }
dependencies = [
    { name = "pyxdg" },
]

[package.metadata]
requires-dist = [{ name = "pyxdg", specifier = ">=0.28" }]
